
Microsoft Visual Studio Solution File, Format Version 12.00
# Visual Studio Version 17
VisualStudioVersion = 17.0.32014.148
MinimumVisualStudioVersion = 10.0.40219.1
Project("{FAE04EC0-301F-11D3-BF4B-00C04F79EFBC}") = "Ex05Pag73", "Ex05Pag73\Ex05Pag73.csproj", "{5D06E931-AEEF-4265-9AB4-3695B29711DD}"
EndProject
Global
	GlobalSection(SolutionConfigurationPlatforms) = preSolution
		Debug|Any CPU = Debug|Any CPU
		Release|Any CPU = Release|Any CPU
	EndGlobalSection
	GlobalSection(ProjectConfigurationPlatforms) = postSolution
		{5D06E931-AEEF-4265-9AB4-3695B29711DD}.Debug|Any CPU.ActiveCfg = Debug|Any CPU
		{5D06E931-AEEF-4265-9AB4-3695B29711DD}.Debug|Any CPU.Build.0 = Debug|Any CPU
		{5D06E931-AEEF-4265-9AB4-3695B29711DD}.Release|Any CPU.ActiveCfg = Release|Any CPU
		{5D06E931-AEEF-4265-9AB4-3695B29711DD}.Release|Any CPU.Build.0 = Release|Any CPU
	EndGlobalSection
	GlobalSection(SolutionProperties) = preSolution
		HideSolutionNode = FALSE
	EndGlobalSection
	GlobalSection(ExtensibilityGlobals) = postSolution
		SolutionGuid = {BFCFE9D7-3F88-4428-8CD6-575AD8F79EAF}
	EndGlobalSection
EndGlobal
