
Microsoft Visual Studio Solution File, Format Version 12.00
# Visual Studio Version 17
VisualStudioVersion = 17.0.32014.148
MinimumVisualStudioVersion = 10.0.40219.1
Project("{FAE04EC0-301F-11D3-BF4B-00C04F79EFBC}") = "Ex08Pag73", "Ex08Pag73\Ex08Pag73.csproj", "{65657C55-6820-411A-9B69-DEA39F5EC48F}"
EndProject
Global
	GlobalSection(SolutionConfigurationPlatforms) = preSolution
		Debug|Any CPU = Debug|Any CPU
		Release|Any CPU = Release|Any CPU
	EndGlobalSection
	GlobalSection(ProjectConfigurationPlatforms) = postSolution
		{65657C55-6820-411A-9B69-DEA39F5EC48F}.Debug|Any CPU.ActiveCfg = Debug|Any CPU
		{65657C55-6820-411A-9B69-DEA39F5EC48F}.Debug|Any CPU.Build.0 = Debug|Any CPU
		{65657C55-6820-411A-9B69-DEA39F5EC48F}.Release|Any CPU.ActiveCfg = Release|Any CPU
		{65657C55-6820-411A-9B69-DEA39F5EC48F}.Release|Any CPU.Build.0 = Release|Any CPU
	EndGlobalSection
	GlobalSection(SolutionProperties) = preSolution
		HideSolutionNode = FALSE
	EndGlobalSection
	GlobalSection(ExtensibilityGlobals) = postSolution
		SolutionGuid = {08B2E9F4-0CE6-40E6-A7DD-F32207765465}
	EndGlobalSection
EndGlobal
