
Microsoft Visual Studio Solution File, Format Version 12.00
# Visual Studio Version 17
VisualStudioVersion = 17.0.32014.148
MinimumVisualStudioVersion = 10.0.40219.1
Project("{FAE04EC0-301F-11D3-BF4B-00C04F79EFBC}") = "Ex10Pag73", "Ex10Pag73\Ex10Pag73.csproj", "{87C605C8-DDEC-433A-BCFB-736DF38B1A4C}"
EndProject
Global
	GlobalSection(SolutionConfigurationPlatforms) = preSolution
		Debug|Any CPU = Debug|Any CPU
		Release|Any CPU = Release|Any CPU
	EndGlobalSection
	GlobalSection(ProjectConfigurationPlatforms) = postSolution
		{87C605C8-DDEC-433A-BCFB-736DF38B1A4C}.Debug|Any CPU.ActiveCfg = Debug|Any CPU
		{87C605C8-DDEC-433A-BCFB-736DF38B1A4C}.Debug|Any CPU.Build.0 = Debug|Any CPU
		{87C605C8-DDEC-433A-BCFB-736DF38B1A4C}.Release|Any CPU.ActiveCfg = Release|Any CPU
		{87C605C8-DDEC-433A-BCFB-736DF38B1A4C}.Release|Any CPU.Build.0 = Release|Any CPU
	EndGlobalSection
	GlobalSection(SolutionProperties) = preSolution
		HideSolutionNode = FALSE
	EndGlobalSection
	GlobalSection(ExtensibilityGlobals) = postSolution
		SolutionGuid = {EF58E026-080D-4C0F-BF30-940BD393A28E}
	EndGlobalSection
EndGlobal
